
Microsoft Visual Studio Solution File, Format Version 12.00
# Visual Studio 15
Project("{FAE04EC0-301F-11D3-BF4B-00C04F79EFBC}") = "Assembly-CSharp", "Assembly-CSharp.csproj", "{124C9EC3-63E0-0F4F-9606-615B0C50A29D}"
EndProject
Global
	GlobalSection(SolutionConfigurationPlatforms) = preSolution
		Debug|Any CPU = Debug|Any CPU
		Release|Any CPU = Release|Any CPU
	EndGlobalSection
	GlobalSection(ProjectConfigurationPlatforms) = postSolution
		{124C9EC3-63E0-0F4F-9606-615B0C50A29D}.Debug|Any CPU.ActiveCfg = Debug|Any CPU
		{124C9EC3-63E0-0F4F-9606-615B0C50A29D}.Debug|Any CPU.Build.0 = Debug|Any CPU
		{124C9EC3-63E0-0F4F-9606-615B0C50A29D}.Release|Any CPU.ActiveCfg = Release|Any CPU
		{124C9EC3-63E0-0F4F-9606-615B0C50A29D}.Release|Any CPU.Build.0 = Release|Any CPU
	EndGlobalSection
	GlobalSection(SolutionProperties) = preSolution
		HideSolutionNode = FALSE
	EndGlobalSection
EndGlobal
